Microsoft Visual Studio Solution File, Format Version 11.00
# Visual Studio 2010
Project("{8BC9CEB8-8B4A-11D0-8D11-00A0C91BC942}") = "INF2990", "INF2990.vcxproj", "{67188F6B-27BE-4E93-A7EF-C512656343A1}"
EndProject
Project("{8BC9CEB8-8B4A-11D0-8D11-00A0C91BC942}") = "Utilitaire", "..\..\Commun\Utilitaire\Utilitaire.vcxproj", "{BB8C9C8A-3B65-4599-B4FE-CA965EE76D2A}"
EndProject
Global
	GlobalSection(SolutionConfigurationPlatforms) = preSolution
		Debug|x64 = Debug|x64
		Release|x64 = Release|x64
	EndGlobalSection
	GlobalSection(ProjectConfigurationPlatforms) = postSolution
		{67188F6B-27BE-4E93-A7EF-C512656343A1}.Debug|x64.ActiveCfg = Debug|x64
		{67188F6B-27BE-4E93-A7EF-C512656343A1}.Debug|x64.Build.0 = Debug|x64
		{67188F6B-27BE-4E93-A7EF-C512656343A1}.Release|x64.ActiveCfg = Release|x64
		{67188F6B-27BE-4E93-A7EF-C512656343A1}.Release|x64.Build.0 = Release|x64
		{BB8C9C8A-3B65-4599-B4FE-CA965EE76D2A}.Debug|x64.ActiveCfg = Debug|x64
		{BB8C9C8A-3B65-4599-B4FE-CA965EE76D2A}.Debug|x64.Build.0 = Debug|x64
		{BB8C9C8A-3B65-4599-B4FE-CA965EE76D2A}.Release|x64.ActiveCfg = Release|x64
		{BB8C9C8A-3B65-4599-B4FE-CA965EE76D2A}.Release|x64.Build.0 = Release|x64
	EndGlobalSection
	GlobalSection(SolutionProperties) = preSolution
		HideSolutionNode = FALSE
	EndGlobalSection
EndGlobal
